
Microsoft Visual Studio Solution File, Format Version 12.00
# Visual Studio Version 16
VisualStudioVersion = 16.0.29920.165
MinimumVisualStudioVersion = 10.0.40219.1
Project("{FAE04EC0-301F-11D3-BF4B-00C04F79EFBC}") = "VideoStreamingServer", "VideoStreamingServer\VideoStreamingServer.csproj", "{37DA4A69-6CEE-47A6-97F7-F5416E092D91}"
EndProject
Project("{FAE04EC0-301F-11D3-BF4B-00C04F79EFBC}") = "VideoStreamingClient", "VideoStreamingClient\VideoStreamingClient.csproj", "{061F7D09-B170-4DCC-B5A9-FCFF50F2A2CC}"
EndProject
Project("{9A19103F-16F7-4668-BE54-9A1E7A4F7556}") = "SocketLib", "SocketLib\SocketLib.csproj", "{AB9D98F5-87A9-4E75-909F-E715AC60475F}"
EndProject
Project("{2150E333-8FDC-42A3-9474-1A3956D46DE8}") = "Solution Items", "Solution Items", "{7F92CE32-2926-40BC-9376-C8A6F00046AB}"
	ProjectSection(SolutionItems) = preProject
		..\Video\bitten.mp4 = ..\Video\bitten.mp4
		..\Video\con_carne.mp4 = ..\Video\con_carne.mp4
		..\Video\darkness_lives.mp4 = ..\Video\darkness_lives.mp4
		..\Video\maniak_2.mp4 = ..\Video\maniak_2.mp4
		..\Video\occupied.mp4 = ..\Video\occupied.mp4
	EndProjectSection
EndProject
Global
	GlobalSection(SolutionConfigurationPlatforms) = preSolution
		Debug|Any CPU = Debug|Any CPU
		Release|Any CPU = Release|Any CPU
	EndGlobalSection
	GlobalSection(ProjectConfigurationPlatforms) = postSolution
		{37DA4A69-6CEE-47A6-97F7-F5416E092D91}.Debug|Any CPU.ActiveCfg = Debug|Any CPU
		{37DA4A69-6CEE-47A6-97F7-F5416E092D91}.Debug|Any CPU.Build.0 = Debug|Any CPU
		{37DA4A69-6CEE-47A6-97F7-F5416E092D91}.Release|Any CPU.ActiveCfg = Release|Any CPU
		{37DA4A69-6CEE-47A6-97F7-F5416E092D91}.Release|Any CPU.Build.0 = Release|Any CPU
		{061F7D09-B170-4DCC-B5A9-FCFF50F2A2CC}.Debug|Any CPU.ActiveCfg = Debug|Any CPU
		{061F7D09-B170-4DCC-B5A9-FCFF50F2A2CC}.Debug|Any CPU.Build.0 = Debug|Any CPU
		{061F7D09-B170-4DCC-B5A9-FCFF50F2A2CC}.Release|Any CPU.ActiveCfg = Release|Any CPU
		{061F7D09-B170-4DCC-B5A9-FCFF50F2A2CC}.Release|Any CPU.Build.0 = Release|Any CPU
		{AB9D98F5-87A9-4E75-909F-E715AC60475F}.Debug|Any CPU.ActiveCfg = Debug|Any CPU
		{AB9D98F5-87A9-4E75-909F-E715AC60475F}.Debug|Any CPU.Build.0 = Debug|Any CPU
		{AB9D98F5-87A9-4E75-909F-E715AC60475F}.Release|Any CPU.ActiveCfg = Release|Any CPU
		{AB9D98F5-87A9-4E75-909F-E715AC60475F}.Release|Any CPU.Build.0 = Release|Any CPU
	EndGlobalSection
	GlobalSection(SolutionProperties) = preSolution
		HideSolutionNode = FALSE
	EndGlobalSection
	GlobalSection(ExtensibilityGlobals) = postSolution
		SolutionGuid = {D7B4CC9F-C206-4B4C-BB62-B9531E16238A}
	EndGlobalSection
EndGlobal
